
Microsoft Visual Studio Solution File, Format Version 12.00
# Visual Studio Version 17
VisualStudioVersion = 17.0.32014.148
MinimumVisualStudioVersion = 10.0.40219.1
Project("{2150E333-8FDC-42A3-9474-1A3956D46DE8}") = "FrontEnd", "FrontEnd", "{0062AA27-6CEB-414B-AC2B-754221734620}"
EndProject
Project("{2150E333-8FDC-42A3-9474-1A3956D46DE8}") = "Services", "Services", "{02FEDCDB-85A3-4D2D-970E-A80F30C7399A}"
EndProject
Project("{9A19103F-16F7-4668-BE54-9A1E7A4F7556}") = "GeekShopping.Web", "GeekShopping.Web\GeekShopping.Web.csproj", "{238935D4-85CD-4DF2-90BF-F3522621BC71}"
EndProject
Project("{9A19103F-16F7-4668-BE54-9A1E7A4F7556}") = "GeekShopping.ProductAPI", "GeekShopping.ProductAPI\GeekShopping.ProductAPI.csproj", "{AC9988B4-C009-4FF0-9F38-452079EFD5B9}"
EndProject
Project("{9A19103F-16F7-4668-BE54-9A1E7A4F7556}") = "GeekShopping.IdentityServer", "GeekShopping.IdentityServer\GeekShopping.IdentityServer.csproj", "{D3CCBD1F-A14A-4FC8-8C9F-B4DD1E61BF5E}"
EndProject
Project("{9A19103F-16F7-4668-BE54-9A1E7A4F7556}") = "GeekShopping.CartAPI", "GeekShopping.CartAPI\GeekShopping.CartAPI.csproj", "{7B7A359B-C4E6-44A0-B373-E1DDAA12F3A6}"
EndProject
Project("{9A19103F-16F7-4668-BE54-9A1E7A4F7556}") = "GeekShopping.CouponAPI", "GeekShopping.CouponAPI\GeekShopping.CouponAPI.csproj", "{6C7F8CE6-5FA5-4E30-865B-4C65B490BA51}"
EndProject
Project("{2150E333-8FDC-42A3-9474-1A3956D46DE8}") = "Integration", "Integration", "{291835B0-CB4B-4708-8DF4-8EF8433C54EF}"
EndProject
Project("{9A19103F-16F7-4668-BE54-9A1E7A4F7556}") = "GeekShopping.MessageBus", "GeekShopping.MessageBus\GeekShopping.MessageBus.csproj", "{BE60A36D-BD08-49CA-9E57-A8B3979725DB}"
EndProject
Project("{9A19103F-16F7-4668-BE54-9A1E7A4F7556}") = "GeekShopping.OrderAPI", "GeekShopping.OrderAPI\GeekShopping.OrderAPI.csproj", "{0FCAD3F9-44F7-4101-A9E1-9857448014F2}"
EndProject
Project("{2150E333-8FDC-42A3-9474-1A3956D46DE8}") = "Payments", "Payments", "{35BE4718-9746-4E3B-94F0-1492C264A2C0}"
EndProject
Project("{9A19103F-16F7-4668-BE54-9A1E7A4F7556}") = "GeekShopping.PaymentProcessor", "GeekShopping.PaymentProcessor\GeekShopping.PaymentProcessor.csproj", "{E035742E-E09F-4190-84BE-2F66BF24664B}"
EndProject
Project("{FAE04EC0-301F-11D3-BF4B-00C04F79EFBC}") = "GeekShopping.PaymentAPI", "GeekShopping.PaymentAPI\GeekShopping.PaymentAPI.csproj", "{67D0E09E-E75D-438D-9FE8-143058396159}"
EndProject
Global
	GlobalSection(SolutionConfigurationPlatforms) = preSolution
		Debug|Any CPU = Debug|Any CPU
		Release|Any CPU = Release|Any CPU
	EndGlobalSection
	GlobalSection(ProjectConfigurationPlatforms) = postSolution
		{238935D4-85CD-4DF2-90BF-F3522621BC71}.Debug|Any CPU.ActiveCfg = Debug|Any CPU
		{238935D4-85CD-4DF2-90BF-F3522621BC71}.Debug|Any CPU.Build.0 = Debug|Any CPU
		{238935D4-85CD-4DF2-90BF-F3522621BC71}.Release|Any CPU.ActiveCfg = Release|Any CPU
		{238935D4-85CD-4DF2-90BF-F3522621BC71}.Release|Any CPU.Build.0 = Release|Any CPU
		{AC9988B4-C009-4FF0-9F38-452079EFD5B9}.Debug|Any CPU.ActiveCfg = Debug|Any CPU
		{AC9988B4-C009-4FF0-9F38-452079EFD5B9}.Debug|Any CPU.Build.0 = Debug|Any CPU
		{AC9988B4-C009-4FF0-9F38-452079EFD5B9}.Release|Any CPU.ActiveCfg = Release|Any CPU
		{AC9988B4-C009-4FF0-9F38-452079EFD5B9}.Release|Any CPU.Build.0 = Release|Any CPU
		{D3CCBD1F-A14A-4FC8-8C9F-B4DD1E61BF5E}.Debug|Any CPU.ActiveCfg = Debug|Any CPU
		{D3CCBD1F-A14A-4FC8-8C9F-B4DD1E61BF5E}.Debug|Any CPU.Build.0 = Debug|Any CPU
		{D3CCBD1F-A14A-4FC8-8C9F-B4DD1E61BF5E}.Release|Any CPU.ActiveCfg = Release|Any CPU
		{D3CCBD1F-A14A-4FC8-8C9F-B4DD1E61BF5E}.Release|Any CPU.Build.0 = Release|Any CPU
		{7B7A359B-C4E6-44A0-B373-E1DDAA12F3A6}.Debug|Any CPU.ActiveCfg = Debug|Any CPU
		{7B7A359B-C4E6-44A0-B373-E1DDAA12F3A6}.Debug|Any CPU.Build.0 = Debug|Any CPU
		{7B7A359B-C4E6-44A0-B373-E1DDAA12F3A6}.Release|Any CPU.ActiveCfg = Release|Any CPU
		{7B7A359B-C4E6-44A0-B373-E1DDAA12F3A6}.Release|Any CPU.Build.0 = Release|Any CPU
		{6C7F8CE6-5FA5-4E30-865B-4C65B490BA51}.Debug|Any CPU.ActiveCfg = Debug|Any CPU
		{6C7F8CE6-5FA5-4E30-865B-4C65B490BA51}.Debug|Any CPU.Build.0 = Debug|Any CPU
		{6C7F8CE6-5FA5-4E30-865B-4C65B490BA51}.Release|Any CPU.ActiveCfg = Release|Any CPU
		{6C7F8CE6-5FA5-4E30-865B-4C65B490BA51}.Release|Any CPU.Build.0 = Release|Any CPU
		{BE60A36D-BD08-49CA-9E57-A8B3979725DB}.Debug|Any CPU.ActiveCfg = Debug|Any CPU
		{BE60A36D-BD08-49CA-9E57-A8B3979725DB}.Debug|Any CPU.Build.0 = Debug|Any CPU
		{BE60A36D-BD08-49CA-9E57-A8B3979725DB}.Release|Any CPU.ActiveCfg = Release|Any CPU
		{BE60A36D-BD08-49CA-9E57-A8B3979725DB}.Release|Any CPU.Build.0 = Release|Any CPU
		{0FCAD3F9-44F7-4101-A9E1-9857448014F2}.Debug|Any CPU.ActiveCfg = Debug|Any CPU
		{0FCAD3F9-44F7-4101-A9E1-9857448014F2}.Debug|Any CPU.Build.0 = Debug|Any CPU
		{0FCAD3F9-44F7-4101-A9E1-9857448014F2}.Release|Any CPU.ActiveCfg = Release|Any CPU
		{0FCAD3F9-44F7-4101-A9E1-9857448014F2}.Release|Any CPU.Build.0 = Release|Any CPU
		{E035742E-E09F-4190-84BE-2F66BF24664B}.Debug|Any CPU.ActiveCfg = Debug|Any CPU
		{E035742E-E09F-4190-84BE-2F66BF24664B}.Debug|Any CPU.Build.0 = Debug|Any CPU
		{E035742E-E09F-4190-84BE-2F66BF24664B}.Release|Any CPU.ActiveCfg = Release|Any CPU
		{E035742E-E09F-4190-84BE-2F66BF24664B}.Release|Any CPU.Build.0 = Release|Any CPU
		{67D0E09E-E75D-438D-9FE8-143058396159}.Debug|Any CPU.ActiveCfg = Debug|Any CPU
		{67D0E09E-E75D-438D-9FE8-143058396159}.Debug|Any CPU.Build.0 = Debug|Any CPU
		{67D0E09E-E75D-438D-9FE8-143058396159}.Release|Any CPU.ActiveCfg = Release|Any CPU
		{67D0E09E-E75D-438D-9FE8-143058396159}.Release|Any CPU.Build.0 = Release|Any CPU
	EndGlobalSection
	GlobalSection(SolutionProperties) = preSolution
		HideSolutionNode = FALSE
	EndGlobalSection
	GlobalSection(NestedProjects) = preSolution
		{238935D4-85CD-4DF2-90BF-F3522621BC71} = {0062AA27-6CEB-414B-AC2B-754221734620}
		{AC9988B4-C009-4FF0-9F38-452079EFD5B9} = {02FEDCDB-85A3-4D2D-970E-A80F30C7399A}
		{D3CCBD1F-A14A-4FC8-8C9F-B4DD1E61BF5E} = {02FEDCDB-85A3-4D2D-970E-A80F30C7399A}
		{7B7A359B-C4E6-44A0-B373-E1DDAA12F3A6} = {02FEDCDB-85A3-4D2D-970E-A80F30C7399A}
		{6C7F8CE6-5FA5-4E30-865B-4C65B490BA51} = {02FEDCDB-85A3-4D2D-970E-A80F30C7399A}
		{BE60A36D-BD08-49CA-9E57-A8B3979725DB} = {291835B0-CB4B-4708-8DF4-8EF8433C54EF}
		{0FCAD3F9-44F7-4101-A9E1-9857448014F2} = {02FEDCDB-85A3-4D2D-970E-A80F30C7399A}
		{E035742E-E09F-4190-84BE-2F66BF24664B} = {35BE4718-9746-4E3B-94F0-1492C264A2C0}
		{67D0E09E-E75D-438D-9FE8-143058396159} = {02FEDCDB-85A3-4D2D-970E-A80F30C7399A}
	EndGlobalSection
	GlobalSection(ExtensibilityGlobals) = postSolution
		SolutionGuid = {910F424C-97EE-4FD6-B572-1CC4B6C009E0}
	EndGlobalSection
EndGlobal
